
Microsoft Visual Studio Solution File, Format Version 12.00
# Visual Studio 2012
Project("{8BC9CEB8-8B4A-11D0-8D11-00A0C91BC942}") = "OpenItemSets", "OpenItemSets.vcxproj", "{193BEC1E-98A5-3F70-AB78-FB3088ECDF99}"
EndProject
Global
	GlobalSection(SolutionConfigurationPlatforms) = preSolution
		Debug|Win32 = Debug|Win32
		Release|Win32 = Release|Win32
	EndGlobalSection
	GlobalSection(ProjectConfigurationPlatforms) = postSolution
		{193BEC1E-98A5-3F70-AB78-FB3088ECDF99}.Debug|Win32.ActiveCfg = Debug|Win32
		{193BEC1E-98A5-3F70-AB78-FB3088ECDF99}.Debug|Win32.Build.0 = Debug|Win32
		{193BEC1E-98A5-3F70-AB78-FB3088ECDF99}.Release|Win32.ActiveCfg = Release|Win32
		{193BEC1E-98A5-3F70-AB78-FB3088ECDF99}.Release|Win32.Build.0 = Release|Win32
	EndGlobalSection
	GlobalSection(SolutionProperties) = preSolution
		HideSolutionNode = FALSE
	EndGlobalSection
EndGlobal
